// !$*UTF8*$!
{
	archiveVersion = 1;
	classes = {
	};
	objectVersion = 50;
	objects = {

/* Begin PBXBuildFile section */
		97865F2121025376002EDBEC /* AppDelegate.swift in Sources */ = {isa = PBXBuildFile; fileRef = 97865F2021025376002EDBEC /* AppDelegate.swift */; };
		97865F2321025376002EDBEC /* ViewController.swift in Sources */ = {isa = PBXBuildFile; fileRef = 97865F2221025376002EDBEC /* ViewController.swift */; };
		97865F2621025376002EDBEC /* Main.storyboard in Resources */ = {isa = PBXBuildFile; fileRef = 97865F2421025376002EDBEC /* Main.storyboard */; };
		97865F2821025377002EDBEC /* Assets.xcassets in Resources */ = {isa = PBXBuildFile; fileRef = 97865F2721025377002EDBEC /* Assets.xcassets */; };
		97865F2B21025377002EDBEC /* LaunchScreen.storyboard in Resources */ = {isa = PBXBuildFile; fileRef = 97865F2921025377002EDBEC /* LaunchScreen.storyboard */; };
		97865F33210253FB002EDBEC /* ZOOM0050_Tr1.WAV in Resources */ = {isa = PBXBuildFile; fileRef = 97865F32210253FB002EDBEC /* ZOOM0050_Tr1.WAV */; };
/* End PBXBuildFile section */

/* Begin PBXFileReference section */
		97865F1D21025376002EDBEC /* TowerApp.app */ = {isa = PBXFileReference; explicitFileType = wrapper.application; includeInIndex = 0; path = TowerApp.app; sourceTree = BUILT_PRODUCTS_DIR; };
		97865F2021025376002EDBEC /* AppDelegate.swift */ = {isa = PBXFileReference; lastKnownFileType = sourcecode.swift; path = AppDelegate.swift; sourceTree = "<group>"; };
		97865F2221025376002EDBEC /* ViewController.swift */ = {isa = PBXFileReference; lastKnownFileType = sourcecode.swift; path = ViewController.swift; sourceTree = "<group>"; };
		97865F2521025376002EDBEC /* Base */ = {isa = PBXFileReference; lastKnownFileType = file.storyboard; name = Base; path = Base.lproj/Main.storyboard; sourceTree = "<group>"; };
		97865F2721025377002EDBEC /* Assets.xcassets */ = {isa = PBXFileReference; lastKnownFileType = folder.assetcatalog; path = Assets.xcassets; sourceTree = "<group>"; };
		97865F2A21025377002EDBEC /* Base */ = {isa = PBXFileReference; lastKnownFileType = file.storyboard; name = Base; path = Base.lproj/LaunchScreen.storyboard; sourceTree = "<group>"; };
		97865F2C21025377002EDBEC /* Info.plist */ = {isa = PBXFileReference; lastKnownFileType = text.plist.xml; path = Info.plist; sourceTree = "<group>"; };
		97865F32210253FB002EDBEC /* ZOOM0050_Tr1.WAV */ = {isa = PBXFileReference; lastKnownFileType = audio.wav; path = ZOOM0050_Tr1.WAV; sourceTree = "<group>"; };
/* End PBXFileReference section */

/* Begin PBXFrameworksBuildPhase section */
		97865F1A21025376002EDBEC /* Frameworks */ = {
			isa = PBXFrameworksBuildPhase;
			buildActionMask = 2147483647;
			files = (
			);
			runOnlyForDeploymentPostprocessing = 0;
		};
/* End PBXFrameworksBuildPhase section */

/* Begin PBXGroup section */
		97865F1421025376002EDBEC = {
			isa = PBXGroup;
			children = (
				97865F1F21025376002EDBEC /* TowerApp */,
				97865F1E21025376002EDBEC /* Products */,
			);
			sourceTree = "<group>";
		};
		97865F1E21025376002EDBEC /* Products */ = {
			isa = PBXGroup;
			children = (
				97865F1D21025376002EDBEC /* TowerApp.app */,
			);
			name = Products;
			sourceTree = "<group>";
		};
		97865F1F21025376002EDBEC /* TowerApp */ = {
			isa = PBXGroup;
			children = (
				97865F32210253FB002EDBEC /* ZOOM0050_Tr1.WAV */,
				97865F2021025376002EDBEC /* AppDelegate.swift */,
				97865F2221025376002EDBEC /* ViewController.swift */,
				97865F2421025376002EDBEC /* Main.storyboard */,
				97865F2721025377002EDBEC /* Assets.xcassets */,
				97865F2921025377002EDBEC /* LaunchScreen.storyboard */,
				97865F2C21025377002EDBEC /* Info.plist */,
			);
			path = TowerApp;
			sourceTree = "<group>";
		};
/* End PBXGroup section */

/* Begin PBXNativeTarget section */
		97865F1C21025376002EDBEC /* TowerApp */ = {
			isa = PBXNativeTarget;
			buildConfigurationList = 97865F2F21025377002EDBEC /* Build configuration list for PBXNativeTarget "TowerApp" */;
			buildPhases = (
				97865F1921025376002EDBEC /* Sources */,
				97865F1A21025376002EDBEC /* Frameworks */,
				97865F1B21025376002EDBEC /* Resources */,
			);
			buildRules = (
			);
			dependencies = (
			);
			name = TowerApp;
			productName = TowerApp;
			productReference = 97865F1D21025376002EDBEC /* TowerApp.app */;
			productType = "com.apple.product-type.application";
		};
/* End PBXNativeTarget section */

/* Begin PBXProject section */
		97865F1521025376002EDBEC /* Project object */ = {
			isa = PBXProject;
			attributes = {
				LastSwiftUpdateCheck = 0940;
				LastUpgradeCheck = 0940;
				ORGANIZATIONNAME = Chi.Chow;
				TargetAttributes = {
					97865F1C21025376002EDBEC = {
						CreatedOnToolsVersion = 9.4.1;
					};
				};
			};
			buildConfigurationList = 97865F1821025376002EDBEC /* Build configuration list for PBXProject "TowerApp" */;
			compatibilityVersion = "Xcode 9.3";
			developmentRegion = en;
			hasScannedForEncodings = 0;
			knownRegions = (
				en,
				Base,
			);
			mainGroup = 97865F1421025376002EDBEC;
			productRefGroup = 97865F1E21025376002EDBEC /* Products */;
			projectDirPath = "";
			projectRoot = "";
			targets = (
				97865F1C21025376002EDBEC /* TowerApp */,
			);
		};
/* End PBXProject section */

/* Begin PBXResourcesBuildPhase section */
		97865F1B21025376002EDBEC /* Resources */ = {
			isa = PBXResourcesBuildPhase;
			buildActionMask = 2147483647;
			files = (
				97865F33210253FB002EDBEC /* ZOOM0050_Tr1.WAV in Resources */,
				97865F2B21025377002EDBEC /* LaunchScreen.storyboard in Resources */,
				97865F2821025377002EDBEC /* Assets.xcassets in Resources */,
				97865F2621025376002EDBEC /* Main.storyboard in Resources */,
			);
			runOnlyForDeploymentPostprocessing = 0;
		};
/* End PBXResourcesBuildPhase section */

/* Begin PBXSourcesBuildPhase section */
		97865F1921025376002EDBEC /* Sources */ = {
			isa = PBXSourcesBuildPhase;
			buildActionMask = 2147483647;
			files = (
				97865F2321025376002EDBEC /* ViewController.swift in Sources */,
				97865F2121025376002EDBEC /* AppDelegate.swift in Sources */,
			);
			runOnlyForDeploymentPostprocessing = 0;
		};
/* End PBXSourcesBuildPhase section */

/* Begin PBXVariantGroup section */
		97865F2421025376002EDBEC /* Main.storyboard */ = {
			isa = PBXVariantGroup;
			children = (
				97865F2521025376002EDBEC /* Base */,
			);
			name = Main.storyboard;
			sourceTree = "<group>";
		};
		97865F2921025377002EDBEC /* LaunchScreen.storyboard */ = {
			isa = PBXVariantGroup;
			children = (
				97865F2A21025377002EDBEC /* Base */,
			);
			name = LaunchScreen.storyboard;
			sourceTree = "<group>";
		};
/* End PBXVariantGroup section */

/* Begin XCBuildConfiguration section */
		97865F2D21025377002EDBEC /* Debug */ = {
			isa = XCBuildConfiguration;
			buildSettings = {
				ALWAYS_SEARCH_USER_PATHS = NO;
				CLANG_ANALYZER_NONNULL = YES;
				CLANG_ANALYZER_NUMBER_OBJECT_CONVERSION = YES_AGGRESSIVE;
				CLANG_CXX_LANGUAGE_STANDARD = "gnu++14";
				CLANG_CXX_LIBRARY = "libc++";
				CLANG_ENABLE_MODULES = YES;
				CLANG_ENABLE_OBJC_ARC = YES;
				CLANG_ENABLE_OBJC_WEAK = YES;
				CLANG_WARN_BLOCK_CAPTURE_AUTORELEASING = YES;
				CLANG_WARN_BOOL_CONVERSION = YES;
				CLANG_WARN_COMMA = YES;
				CLANG_WARN_CONSTANT_CONVERSION = YES;
				CLANG_WARN_DEPRECATED_OBJC_IMPLEMENTATIONS = YES;
				CLANG_WARN_DIRECT_OBJC_ISA_USAGE = YES_ERROR;
				CLANG_WARN_DOCUMENTATION_COMMENTS = YES;
				CLANG_WARN_EMPTY_BODY = YES;
				CLANG_WARN_ENUM_CONVERSION = YES;
				CLANG_WARN_INFINITE_RECURSION = YES;
				CLANG_WARN_INT_CONVERSION = YES;
				CLANG_WARN_NON_LITERAL_NULL_CONVERSION = YES;
				CLANG_WARN_OBJC_IMPLICIT_RETAIN_SELF = YES;
				CLANG_WARN_OBJC_LITERAL_CONVERSION = YES;
				CLANG_WARN_OBJC_ROOT_CLASS = YES_ERROR;
				CLANG_WARN_RANGE_LOOP_ANALYSIS = YES;
				CLANG_WARN_STRICT_PROTOTYPES = YES;
				CLANG_WARN_SUSPICIOUS_MOVE = YES;
				CLANG_WARN_UNGUARDED_AVAILABILITY = YES_AGGRESSIVE;
				CLANG_WARN_UNREACHABLE_CODE = YES;
				CLANG_WARN__DUPLICATE_METHOD_MATCH = YES;
				CODE_SIGN_IDENTITY = "iPhone Developer";
				COPY_PHASE_STRIP = NO;
				DEBUG_INFORMATION_FORMAT = dwarf;
				ENABLE_STRICT_OBJC_MSGSEND = YES;
				ENABLE_TESTABILITY = YES;
				GCC_C_LANGUAGE_STANDARD = gnu11;
				GCC_DYNAMIC_NO_PIC = NO;
				GCC_NO_COMMON_BLOCKS = YES;
				GCC_OPTIMIZATION_LEVEL = 0;
				GCC_PREPROCESSOR_DEFINITIONS = (
					"DEBUG=1",
					"$(inherited)",
				);
				GCC_WARN_64_TO_32_BIT_CONVERSION = YES;
				GCC_WARN_ABOUT_RETURN_TYPE = YES_ERROR;
				GCC_WARN_UNDECLARED_SELECTOR = YES;
				GCC_WARN_UNINITIALIZED_AUTOS = YES_AGGRESSIVE;
				GCC_WARN_UNUSED_FUNCTION = YES;
				GCC_WARN_UNUSED_VARIABLE = YES;
				IPHONEOS_DEPLOYMENT_TARGET = 11.4;
				MTL_ENABLE_DEBUG_INFO = YES;
				ONLY_ACTIVE_ARCH = YES;
				SDKROOT = iphoneos;
				SWIFT_ACTIVE_COMPILATION_CONDITIONS = DEBUG;
				SWIFT_OPTIMIZATION_LEVEL = "-Onone";
			};
			name = Debug;
		};
		97865F2E21025377002EDBEC /* Release */ = {
			isa = XCBuildConfiguration;
			buildSettings = {
				ALWAYS_SEARCH_USER_PATHS = NO;
				CLANG_ANALYZER_NONNULL = YES;
				CLANG_ANALYZER_NUMBER_OBJECT_CONVERSION = YES_AGGRESSIVE;
				CLANG_CXX_LANGUAGE_STANDARD = "gnu++14";
				CLANG_CXX_LIBRARY = "libc++";
				CLANG_ENABLE_MODULES = YES;
				CLANG_ENABLE_OBJC_ARC = YES;
				CLANG_ENABLE_OBJC_WEAK = YES;
				CLANG_WARN_BLOCK_CAPTURE_AUTORELEASING = YES;
				CLANG_WARN_BOOL_CONVERSION = YES;
				CLANG_WARN_COMMA = YES;
				CLANG_WARN_CONSTANT_CONVERSION = YES;
				CLANG_WARN_DEPRECATED_OBJC_IMPLEMENTATIONS = YES;
				CLANG_WARN_DIRECT_OBJC_ISA_USAGE = YES_ERROR;
				CLANG_WARN_DOCUMENTATION_COMMENTS = YES;
				CLANG_WARN_EMPTY_BODY = YES;
				CLANG_WARN_ENUM_CONVERSION = YES;
				CLANG_WARN_INFINITE_RECURSION = YES;
				CLANG_WARN_INT_CONVERSION = YES;
				CLANG_WARN_NON_LITERAL_NULL_CONVERSION = YES;
				CLANG_WARN_OBJC_IMPLICIT_RETAIN_SELF = YES;
				CLANG_WARN_OBJC_LITERAL_CONVERSION = YES;
				CLANG_WARN_OBJC_ROOT_CLASS = YES_ERROR;
				CLANG_WARN_RANGE_LOOP_ANALYSIS = YES;
				CLANG_WARN_STRICT_PROTOTYPES = YES;
				CLANG_WARN_SUSPICIOUS_MOVE = YES;
				CLANG_WARN_UNGUARDED_AVAILABILITY = YES_AGGRESSIVE;
				CLANG_WARN_UNREACHABLE_CODE = YES;
				CLANG_WARN__DUPLICATE_METHOD_MATCH = YES;
				CODE_SIGN_IDENTITY = "iPhone Developer";
				COPY_PHASE_STRIP = NO;
				DEBUG_INFORMATION_FORMAT = "dwarf-with-dsym";
				ENABLE_NS_ASSERTIONS = NO;
				ENABLE_STRICT_OBJC_MSGSEND = YES;
				GCC_C_LANGUAGE_STANDARD = gnu11;
				GCC_NO_COMMON_BLOCKS = YES;
				GCC_WARN_64_TO_32_BIT_CONVERSION = YES;
				GCC_WARN_ABOUT_RETURN_TYPE = YES_ERROR;
				GCC_WARN_UNDECLARED_SELECTOR = YES;
				GCC_WARN_UNINITIALIZED_AUTOS = YES_AGGRESSIVE;
				GCC_WARN_UNUSED_FUNCTION = YES;
				GCC_WARN_UNUSED_VARIABLE = YES;
				IPHONEOS_DEPLOYMENT_TARGET = 11.4;
				MTL_ENABLE_DEBUG_INFO = NO;
				SDKROOT = iphoneos;
				SWIFT_COMPILATION_MODE = wholemodule;
				SWIFT_OPTIMIZATION_LEVEL = "-O";
				VALIDATE_PRODUCT = YES;
			};
			name = Release;
		};
		97865F3021025377002EDBEC /* Debug */ = {
			isa = XCBuildConfiguration;
			buildSettings = {
				ASSETCATALOG_COMPILER_APPICON_NAME = AppIcon;
				CODE_SIGN_STYLE = Automatic;
				DEVELOPMENT_TEAM = TX52L3TFYW;
				INFOPLIST_FILE = TowerApp/Info.plist;
				LD_RUNPATH_SEARCH_PATHS = (
					"$(inherited)",
					"@executable_path/Frameworks",
				);
				PRODUCT_BUNDLE_IDENTIFIER = com.cosmos.TowerApp;
				PRODUCT_NAME = "$(TARGET_NAME)";
				SWIFT_VERSION = 4.0;
				TARGETED_DEVICE_FAMILY = "1,2";
			};
			name = Debug;
		};
		97865F3121025377002EDBEC /* Release */ = {
			isa = XCBuildConfiguration;
			buildSettings = {
				ASSETCATALOG_COMPILER_APPICON_NAME = AppIcon;
				CODE_SIGN_STYLE = Automatic;
				DEVELOPMENT_TEAM = TX52L3TFYW;
				INFOPLIST_FILE = TowerApp/Info.plist;
				LD_RUNPATH_SEARCH_PATHS = (
					"$(inherited)",
					"@executable_path/Frameworks",
				);
				PRODUCT_BUNDLE_IDENTIFIER = com.cosmos.TowerApp;
				PRODUCT_NAME = "$(TARGET_NAME)";
				SWIFT_VERSION = 4.0;
				TARGETED_DEVICE_FAMILY = "1,2";
			};
			name = Release;
		};
/* End XCBuildConfiguration section */

/* Begin XCConfigurationList section */
		97865F1821025376002EDBEC /* Build configuration list for PBXProject "TowerApp" */ = {
			isa = XCConfigurationList;
			buildConfigurations = (
				97865F2D21025377002EDBEC /* Debug */,
				97865F2E21025377002EDBEC /* Release */,
			);
			defaultConfigurationIsVisible = 0;
			defaultConfigurationName = Release;
		};
		97865F2F21025377002EDBEC /* Build configuration list for PBXNativeTarget "TowerApp" */ = {
			isa = XCConfigurationList;
			buildConfigurations = (
				97865F3021025377002EDBEC /* Debug */,
				97865F3121025377002EDBEC /* Release */,
			);
			defaultConfigurationIsVisible = 0;
			defaultConfigurationName = Release;
		};
/* End XCConfigurationList section */
	};
	rootObject = 97865F1521025376002EDBEC /* Project object */;
}
